Microsoft Visual Studio Solution File, Format Version 12.00
# Visual Studio Version 17
VisualStudioVersion = 17.5.2.0
MinimumVisualStudioVersion = 10.0.40219.1
Project("{FAE04EC0-301F-11D3-BF4B-00C04F79EFBC}") = "CarInfoManagementSystem", "CarInfoManagementSystem.csproj", "{18C05DEF-11E0-DB44-F711-A1C008A5F720}"
EndProject
Global
	GlobalSection(SolutionConfigurationPlatforms) = preSolution
		Debug|Any CPU = Debug|Any CPU
		Release|Any CPU = Release|Any CPU
	EndGlobalSection
	GlobalSection(ProjectConfigurationPlatforms) = postSolution
		{18C05DEF-11E0-DB44-F711-A1C008A5F720}.Debug|Any CPU.ActiveCfg = Debug|Any CPU
		{18C05DEF-11E0-DB44-F711-A1C008A5F720}.Debug|Any CPU.Build.0 = Debug|Any CPU
		{18C05DEF-11E0-DB44-F711-A1C008A5F720}.Release|Any CPU.ActiveCfg = Release|Any CPU
		{18C05DEF-11E0-DB44-F711-A1C008A5F720}.Release|Any CPU.Build.0 = Release|Any CPU
	EndGlobalSection
	GlobalSection(SolutionProperties) = preSolution
		HideSolutionNode = FALSE
	EndGlobalSection
	GlobalSection(ExtensibilityGlobals) = postSolution
		SolutionGuid = {5D1EDB9D-95A6-49B9-89D2-8CF3F012285C}
	EndGlobalSection
EndGlobal
